
Microsoft Visual Studio Solution File, Format Version 12.00
# Visual Studio 14
VisualStudioVersion = 14.0.25420.1
MinimumVisualStudioVersion = 10.0.40219.1
Project("{8BC9CEB8-8B4A-11D0-8D11-00A0C91BC942}") = "DebugLib", "DebugLib\DebugLib.vcxproj", "{566D3318-CEB8-4406-B6CC-71FB34C39AB4}"
EndProject
Project("{8BC9CEB8-8B4A-11D0-8D11-00A0C91BC942}") = "Pipeline_Tests", "Pipeline_Tests\Pipeline_Tests.vcxproj", "{AD91AD72-9056-4368-BA0F-D9580D26F52E}"
EndProject
Project("{8BC9CEB8-8B4A-11D0-8D11-00A0C91BC942}") = "DebugLib_SingleThreadTests", "DebugLib_SingleThreadTests\DebugLib_SingleThreadTests.vcxproj", "{C12CFE87-0725-4D38-A5A1-B488496BB1E9}"
EndProject
Project("{8BC9CEB8-8B4A-11D0-8D11-00A0C91BC942}") = "DebugLib_MultiThreadTests", "DebugLib_MultiThreadTests\DebugLib_MultiThreadTests.vcxproj", "{64FD7C32-BA4C-4920-804D-CF5A9718412D}"
EndProject
Global
	GlobalSection(SolutionConfigurationPlatforms) = preSolution
		Debug|x64 = Debug|x64
		Debug|x86 = Debug|x86
		Release|x64 = Release|x64
		Release|x86 = Release|x86
	EndGlobalSection
	GlobalSection(ProjectConfigurationPlatforms) = postSolution
		{566D3318-CEB8-4406-B6CC-71FB34C39AB4}.Debug|x64.ActiveCfg = Debug|x64
		{566D3318-CEB8-4406-B6CC-71FB34C39AB4}.Debug|x64.Build.0 = Debug|x64
		{566D3318-CEB8-4406-B6CC-71FB34C39AB4}.Debug|x86.ActiveCfg = Debug|Win32
		{566D3318-CEB8-4406-B6CC-71FB34C39AB4}.Debug|x86.Build.0 = Debug|Win32
		{566D3318-CEB8-4406-B6CC-71FB34C39AB4}.Release|x64.ActiveCfg = Release|x64
		{566D3318-CEB8-4406-B6CC-71FB34C39AB4}.Release|x64.Build.0 = Release|x64
		{566D3318-CEB8-4406-B6CC-71FB34C39AB4}.Release|x86.ActiveCfg = Release|Win32
		{566D3318-CEB8-4406-B6CC-71FB34C39AB4}.Release|x86.Build.0 = Release|Win32
		{AD91AD72-9056-4368-BA0F-D9580D26F52E}.Debug|x64.ActiveCfg = Debug|x64
		{AD91AD72-9056-4368-BA0F-D9580D26F52E}.Debug|x64.Build.0 = Debug|x64
		{AD91AD72-9056-4368-BA0F-D9580D26F52E}.Debug|x86.ActiveCfg = Debug|Win32
		{AD91AD72-9056-4368-BA0F-D9580D26F52E}.Debug|x86.Build.0 = Debug|Win32
		{AD91AD72-9056-4368-BA0F-D9580D26F52E}.Release|x64.ActiveCfg = Release|x64
		{AD91AD72-9056-4368-BA0F-D9580D26F52E}.Release|x64.Build.0 = Release|x64
		{AD91AD72-9056-4368-BA0F-D9580D26F52E}.Release|x86.ActiveCfg = Release|Win32
		{AD91AD72-9056-4368-BA0F-D9580D26F52E}.Release|x86.Build.0 = Release|Win32
		{C12CFE87-0725-4D38-A5A1-B488496BB1E9}.Debug|x64.ActiveCfg = Debug|x64
		{C12CFE87-0725-4D38-A5A1-B488496BB1E9}.Debug|x64.Build.0 = Debug|x64
		{C12CFE87-0725-4D38-A5A1-B488496BB1E9}.Debug|x86.ActiveCfg = Debug|Win32
		{C12CFE87-0725-4D38-A5A1-B488496BB1E9}.Debug|x86.Build.0 = Debug|Win32
		{C12CFE87-0725-4D38-A5A1-B488496BB1E9}.Release|x64.ActiveCfg = Release|x64
		{C12CFE87-0725-4D38-A5A1-B488496BB1E9}.Release|x64.Build.0 = Release|x64
		{C12CFE87-0725-4D38-A5A1-B488496BB1E9}.Release|x86.ActiveCfg = Release|Win32
		{C12CFE87-0725-4D38-A5A1-B488496BB1E9}.Release|x86.Build.0 = Release|Win32
		{64FD7C32-BA4C-4920-804D-CF5A9718412D}.Debug|x64.ActiveCfg = Debug|x64
		{64FD7C32-BA4C-4920-804D-CF5A9718412D}.Debug|x64.Build.0 = Debug|x64
		{64FD7C32-BA4C-4920-804D-CF5A9718412D}.Debug|x86.ActiveCfg = Debug|Win32
		{64FD7C32-BA4C-4920-804D-CF5A9718412D}.Debug|x86.Build.0 = Debug|Win32
		{64FD7C32-BA4C-4920-804D-CF5A9718412D}.Release|x64.ActiveCfg = Release|x64
		{64FD7C32-BA4C-4920-804D-CF5A9718412D}.Release|x64.Build.0 = Release|x64
		{64FD7C32-BA4C-4920-804D-CF5A9718412D}.Release|x86.ActiveCfg = Release|Win32
		{64FD7C32-BA4C-4920-804D-CF5A9718412D}.Release|x86.Build.0 = Release|Win32
	EndGlobalSection
	GlobalSection(SolutionProperties) = preSolution
		HideSolutionNode = FALSE
	EndGlobalSection
EndGlobal
